
Microsoft Visual Studio Solution File, Format Version 12.00
# Visual Studio Version 17
VisualStudioVersion = 17.11.34929.205
MinimumVisualStudioVersion = 10.0.40219.1
Project("{2150E333-8FDC-42A3-9474-1A3956D46DE8}") = "Source", "Source", "{D6745891-BA87-4268-B907-D1F3828DDC79}"
	ProjectSection(SolutionItems) = preProject
		Source\Directory.Packages.props = Source\Directory.Packages.props
	EndProjectSection
EndProject
Project("{9A19103F-16F7-4668-BE54-9A1E7A4F7556}") = "Zonit.Extensions.Databases.Abstractions", "Source\Zonit.Extensions.Databases.Abstractions\Zonit.Extensions.Databases.Abstractions.csproj", "{3D907EAF-7535-4215-BD3C-F3DE3F42E64E}"
EndProject
Project("{9A19103F-16F7-4668-BE54-9A1E7A4F7556}") = "Zonit.Extensions.Databases.Examples", "Source\Zonit.Extensions.Databases.Examples\Zonit.Extensions.Databases.Examples.csproj", "{A85E72D5-EF66-4F39-A1CB-02F0F1CEBF1E}"
EndProject
Project("{9A19103F-16F7-4668-BE54-9A1E7A4F7556}") = "Zonit.Extensions.Databases.SqlServer", "Source\Zonit.Extensions.Databases.SqlServer\Zonit.Extensions.Databases.SqlServer.csproj", "{05EB011B-1E37-4448-81E2-031E653DCCB1}"
EndProject
Project("{9A19103F-16F7-4668-BE54-9A1E7A4F7556}") = "Zonit.Extensions.Databases.Test", "Source\Zonit.Extensions.Databases.Test\Zonit.Extensions.Databases.Test.csproj", "{FF986E4A-9482-4FB2-B73A-7E645156B803}"
EndProject
Project("{2150E333-8FDC-42A3-9474-1A3956D46DE8}") = "Elementy rozwiązania", "Elementy rozwiązania", "{40342464-2276-461E-B5A4-87DE0C177D23}"
	ProjectSection(SolutionItems) = preProject
		Readme.md = Readme.md
	EndProjectSection
EndProject
Project("{2150E333-8FDC-42A3-9474-1A3956D46DE8}") = "Example", "Example", "{BDEAF804-BF54-4249-B593-9E2E3C8AD126}"
EndProject
Project("{2150E333-8FDC-42A3-9474-1A3956D46DE8}") = ".github", ".github", "{02EA681E-C7D8-13C7-8484-4AC65E1B71E8}"
	ProjectSection(SolutionItems) = preProject
		.github\workflows\publish.yml = .github\workflows\publish.yml
	EndProjectSection
EndProject
Global
	GlobalSection(SolutionConfigurationPlatforms) = preSolution
		Debug|Any CPU = Debug|Any CPU
		Release|Any CPU = Release|Any CPU
	EndGlobalSection
	GlobalSection(ProjectConfigurationPlatforms) = postSolution
		{3D907EAF-7535-4215-BD3C-F3DE3F42E64E}.Debug|Any CPU.ActiveCfg = Debug|Any CPU
		{3D907EAF-7535-4215-BD3C-F3DE3F42E64E}.Debug|Any CPU.Build.0 = Debug|Any CPU
		{3D907EAF-7535-4215-BD3C-F3DE3F42E64E}.Release|Any CPU.ActiveCfg = Release|Any CPU
		{3D907EAF-7535-4215-BD3C-F3DE3F42E64E}.Release|Any CPU.Build.0 = Release|Any CPU
		{A85E72D5-EF66-4F39-A1CB-02F0F1CEBF1E}.Debug|Any CPU.ActiveCfg = Debug|Any CPU
		{A85E72D5-EF66-4F39-A1CB-02F0F1CEBF1E}.Debug|Any CPU.Build.0 = Debug|Any CPU
		{A85E72D5-EF66-4F39-A1CB-02F0F1CEBF1E}.Release|Any CPU.ActiveCfg = Release|Any CPU
		{A85E72D5-EF66-4F39-A1CB-02F0F1CEBF1E}.Release|Any CPU.Build.0 = Release|Any CPU
		{05EB011B-1E37-4448-81E2-031E653DCCB1}.Debug|Any CPU.ActiveCfg = Debug|Any CPU
		{05EB011B-1E37-4448-81E2-031E653DCCB1}.Debug|Any CPU.Build.0 = Debug|Any CPU
		{05EB011B-1E37-4448-81E2-031E653DCCB1}.Release|Any CPU.ActiveCfg = Release|Any CPU
		{05EB011B-1E37-4448-81E2-031E653DCCB1}.Release|Any CPU.Build.0 = Release|Any CPU
		{FF986E4A-9482-4FB2-B73A-7E645156B803}.Debug|Any CPU.ActiveCfg = Debug|Any CPU
		{FF986E4A-9482-4FB2-B73A-7E645156B803}.Debug|Any CPU.Build.0 = Debug|Any CPU
		{FF986E4A-9482-4FB2-B73A-7E645156B803}.Release|Any CPU.ActiveCfg = Release|Any CPU
		{FF986E4A-9482-4FB2-B73A-7E645156B803}.Release|Any CPU.Build.0 = Release|Any CPU
	EndGlobalSection
	GlobalSection(SolutionProperties) = preSolution
		HideSolutionNode = FALSE
	EndGlobalSection
	GlobalSection(NestedProjects) = preSolution
		{3D907EAF-7535-4215-BD3C-F3DE3F42E64E} = {D6745891-BA87-4268-B907-D1F3828DDC79}
		{A85E72D5-EF66-4F39-A1CB-02F0F1CEBF1E} = {BDEAF804-BF54-4249-B593-9E2E3C8AD126}
		{05EB011B-1E37-4448-81E2-031E653DCCB1} = {D6745891-BA87-4268-B907-D1F3828DDC79}
		{FF986E4A-9482-4FB2-B73A-7E645156B803} = {D6745891-BA87-4268-B907-D1F3828DDC79}
		{02EA681E-C7D8-13C7-8484-4AC65E1B71E8} = {40342464-2276-461E-B5A4-87DE0C177D23}
	EndGlobalSection
	GlobalSection(ExtensibilityGlobals) = postSolution
		SolutionGuid = {27326616-979B-48CA-B4C1-BDC38D497504}
	EndGlobalSection
EndGlobal
